
Microsoft Visual Studio Solution File, Format Version 12.00
# Visual Studio Version 17
VisualStudioVersion = 17.9.34607.119
MinimumVisualStudioVersion = 10.0.40219.1
Project("{FAE04EC0-301F-11D3-BF4B-00C04F79EFBC}") = "BookingSystem.Server", "BookingSystem.Server\BookingSystem.Server.csproj", "{5F9599D8-5C14-4FCB-AB47-89C740866071}"
EndProject
Project("{54A90642-561A-4BB1-A94E-469ADEE60C69}") = "bookingsystem.client", "bookingsystem.client\bookingsystem.client.esproj", "{647C9DC8-863A-4BB5-9EF7-696CF9A0969E}"
EndProject
Global
	GlobalSection(SolutionConfigurationPlatforms) = preSolution
		Debug|Any CPU = Debug|Any CPU
		Release|Any CPU = Release|Any CPU
	EndGlobalSection
	GlobalSection(ProjectConfigurationPlatforms) = postSolution
		{5F9599D8-5C14-4FCB-AB47-89C740866071}.Debug|Any CPU.ActiveCfg = Debug|Any CPU
		{5F9599D8-5C14-4FCB-AB47-89C740866071}.Debug|Any CPU.Build.0 = Debug|Any CPU
		{5F9599D8-5C14-4FCB-AB47-89C740866071}.Release|Any CPU.ActiveCfg = Release|Any CPU
		{5F9599D8-5C14-4FCB-AB47-89C740866071}.Release|Any CPU.Build.0 = Release|Any CPU
		{647C9DC8-863A-4BB5-9EF7-696CF9A0969E}.Debug|Any CPU.ActiveCfg = Debug|Any CPU
		{647C9DC8-863A-4BB5-9EF7-696CF9A0969E}.Debug|Any CPU.Build.0 = Debug|Any CPU
		{647C9DC8-863A-4BB5-9EF7-696CF9A0969E}.Debug|Any CPU.Deploy.0 = Debug|Any CPU
		{647C9DC8-863A-4BB5-9EF7-696CF9A0969E}.Release|Any CPU.ActiveCfg = Release|Any CPU
		{647C9DC8-863A-4BB5-9EF7-696CF9A0969E}.Release|Any CPU.Build.0 = Release|Any CPU
		{647C9DC8-863A-4BB5-9EF7-696CF9A0969E}.Release|Any CPU.Deploy.0 = Release|Any CPU
	EndGlobalSection
	GlobalSection(SolutionProperties) = preSolution
		HideSolutionNode = FALSE
	EndGlobalSection
	GlobalSection(ExtensibilityGlobals) = postSolution
		SolutionGuid = {8F3BED42-3A8F-4D2F-BFA1-EB427567FAB3}
	EndGlobalSection
EndGlobal
